// !$*UTF8*$!
{
	archiveVersion = 1;
	classes = {
	};
	objectVersion = 56;
	objects = {

/* Begin PBXBuildFile section */
		4229C0A53DCA1B647B4CBA47 /* Pods_DKFramework.framework in Frameworks */ = {isa = PBXBuildFile; fileRef = 333C082BA080310A46AEE453 /* Pods_DKFramework.framework */; };
		5E299FB1292F5861001F4952 /* DKFramework.docc in Sources */ = {isa = PBXBuildFile; fileRef = 5E299FB0292F5861001F4952 /* DKFramework.docc */; };
		5E299FB7292F5861001F4952 /* DKFramework.framework in Frameworks */ = {isa = PBXBuildFile; fileRef = 5E299FAC292F5861001F4952 /* DKFramework.framework */; };
		5E299FBC292F5861001F4952 /* DKFrameworkTests.swift in Sources */ = {isa = PBXBuildFile; fileRef = 5E299FBB292F5861001F4952 /* DKFrameworkTests.swift */; };
		5E299FBD292F5861001F4952 /* DKFramework.h in Headers */ = {isa = PBXBuildFile; fileRef = 5E299FAF292F5861001F4952 /* DKFramework.h */; settings = {ATTRIBUTES = (Public, ); }; };
		5E299FC7292F58C7001F4952 /* Analytics.swift in Sources */ = {isa = PBXBuildFile; fileRef = 5E299FC6292F58C7001F4952 /* Analytics.swift */; };
		679FA5BC5CAA326C64C2FF5D /* Pods_DKFramework_DKFrameworkTests.framework in Frameworks */ = {isa = PBXBuildFile; fileRef = 3BC93D9F88DACF53EAC692DD /* Pods_DKFramework_DKFrameworkTests.framework */; };
/* End PBXBuildFile section */

/* Begin PBXContainerItemProxy section */
		5E299FB8292F5861001F4952 /* PBXContainerItemProxy */ = {
			isa = PBXContainerItemProxy;
			containerPortal = 5E299FA3292F5861001F4952 /* Project object */;
			proxyType = 1;
			remoteGlobalIDString = 5E299FAB292F5861001F4952;
			remoteInfo = DKFramework;
		};
/* End PBXContainerItemProxy section */

/* Begin PBXFileReference section */
		0E625D944BB0D847CE80304F /* Pods-DKFramework-DKFrameworkTests.release.xcconfig */ = {isa = PBXFileReference; includeInIndex = 1; lastKnownFileType = text.xcconfig; name = "Pods-DKFramework-DKFrameworkTests.release.xcconfig"; path = "Target Support Files/Pods-DKFramework-DKFrameworkTests/Pods-DKFramework-DKFrameworkTests.release.xcconfig"; sourceTree = "<group>"; };
		2CBBA52B02D6832CB3A38DBF /* Pods-DKFramework-DKFrameworkTests.debug.xcconfig */ = {isa = PBXFileReference; includeInIndex = 1; lastKnownFileType = text.xcconfig; name = "Pods-DKFramework-DKFrameworkTests.debug.xcconfig"; path = "Target Support Files/Pods-DKFramework-DKFrameworkTests/Pods-DKFramework-DKFrameworkTests.debug.xcconfig"; sourceTree = "<group>"; };
		333C082BA080310A46AEE453 /* Pods_DKFramework.framework */ = {isa = PBXFileReference; explicitFileType = wrapper.framework; includeInIndex = 0; path = Pods_DKFramework.framework; sourceTree = BUILT_PRODUCTS_DIR; };
		3BC93D9F88DACF53EAC692DD /* Pods_DKFramework_DKFrameworkTests.framework */ = {isa = PBXFileReference; explicitFileType = wrapper.framework; includeInIndex = 0; path = Pods_DKFramework_DKFrameworkTests.framework; sourceTree = BUILT_PRODUCTS_DIR; };
		4D19BB4B299CDD21D2EA8E03 /* Pods-DKFramework.release.xcconfig */ = {isa = PBXFileReference; includeInIndex = 1; lastKnownFileType = text.xcconfig; name = "Pods-DKFramework.release.xcconfig"; path = "Target Support Files/Pods-DKFramework/Pods-DKFramework.release.xcconfig"; sourceTree = "<group>"; };
		5E299FAC292F5861001F4952 /* DKFramework.framework */ = {isa = PBXFileReference; explicitFileType = wrapper.framework; includeInIndex = 0; path = DKFramework.framework; sourceTree = BUILT_PRODUCTS_DIR; };
		5E299FAF292F5861001F4952 /* DKFramework.h */ = {isa = PBXFileReference; lastKnownFileType = sourcecode.c.h; path = DKFramework.h; sourceTree = "<group>"; };
		5E299FB0292F5861001F4952 /* DKFramework.docc */ = {isa = PBXFileReference; lastKnownFileType = folder.documentationcatalog; path = DKFramework.docc; sourceTree = "<group>"; };
		5E299FB6292F5861001F4952 /* DKFrameworkTests.xctest */ = {isa = PBXFileReference; explicitFileType = wrapper.cfbundle; includeInIndex = 0; path = DKFrameworkTests.xctest; sourceTree = BUILT_PRODUCTS_DIR; };
		5E299FBB292F5861001F4952 /* DKFrameworkTests.swift */ = {isa = PBXFileReference; lastKnownFileType = sourcecode.swift; path = DKFrameworkTests.swift; sourceTree = "<group>"; };
		5E299FC6292F58C7001F4952 /* Analytics.swift */ = {isa = PBXFileReference; lastKnownFileType = sourcecode.swift; path = Analytics.swift; sourceTree = "<group>"; };
		BE103B9BC728E1F2B729A122 /* Pods-DKFramework.debug.xcconfig */ = {isa = PBXFileReference; includeInIndex = 1; lastKnownFileType = text.xcconfig; name = "Pods-DKFramework.debug.xcconfig"; path = "Target Support Files/Pods-DKFramework/Pods-DKFramework.debug.xcconfig"; sourceTree = "<group>"; };
/* End PBXFileReference section */

/* Begin PBXFrameworksBuildPhase section */
		5E299FA9292F5861001F4952 /* Frameworks */ = {
			isa = PBXFrameworksBuildPhase;
			buildActionMask = 2147483647;
			files = (
				4229C0A53DCA1B647B4CBA47 /* Pods_DKFramework.framework in Frameworks */,
			);
			runOnlyForDeploymentPostprocessing = 0;
		};
		5E299FB3292F5861001F4952 /* Frameworks */ = {
			isa = PBXFrameworksBuildPhase;
			buildActionMask = 2147483647;
			files = (
				5E299FB7292F5861001F4952 /* DKFramework.framework in Frameworks */,
				679FA5BC5CAA326C64C2FF5D /* Pods_DKFramework_DKFrameworkTests.framework in Frameworks */,
			);
			runOnlyForDeploymentPostprocessing = 0;
		};
/* End PBXFrameworksBuildPhase section */

/* Begin PBXGroup section */
		2F557FBBECCDC7187C3AD353 /* Pods */ = {
			isa = PBXGroup;
			children = (
				BE103B9BC728E1F2B729A122 /* Pods-DKFramework.debug.xcconfig */,
				4D19BB4B299CDD21D2EA8E03 /* Pods-DKFramework.release.xcconfig */,
				2CBBA52B02D6832CB3A38DBF /* Pods-DKFramework-DKFrameworkTests.debug.xcconfig */,
				0E625D944BB0D847CE80304F /* Pods-DKFramework-DKFrameworkTests.release.xcconfig */,
			);
			name = Pods;
			path = Pods;
			sourceTree = "<group>";
		};
		5E299FA2292F5861001F4952 = {
			isa = PBXGroup;
			children = (
				5E299FAE292F5861001F4952 /* DKFramework */,
				5E299FBA292F5861001F4952 /* DKFrameworkTests */,
				5E299FAD292F5861001F4952 /* Products */,
				2F557FBBECCDC7187C3AD353 /* Pods */,
				A0EBADA406C6F5C9746E118F /* Frameworks */,
			);
			sourceTree = "<group>";
		};
		5E299FAD292F5861001F4952 /* Products */ = {
			isa = PBXGroup;
			children = (
				5E299FAC292F5861001F4952 /* DKFramework.framework */,
				5E299FB6292F5861001F4952 /* DKFrameworkTests.xctest */,
			);
			name = Products;
			sourceTree = "<group>";
		};
		5E299FAE292F5861001F4952 /* DKFramework */ = {
			isa = PBXGroup;
			children = (
				5E299FAF292F5861001F4952 /* DKFramework.h */,
				5E299FB0292F5861001F4952 /* DKFramework.docc */,
				5E299FC6292F58C7001F4952 /* Analytics.swift */,
			);
			path = DKFramework;
			sourceTree = "<group>";
		};
		5E299FBA292F5861001F4952 /* DKFrameworkTests */ = {
			isa = PBXGroup;
			children = (
				5E299FBB292F5861001F4952 /* DKFrameworkTests.swift */,
			);
			path = DKFrameworkTests;
			sourceTree = "<group>";
		};
		A0EBADA406C6F5C9746E118F /* Frameworks */ = {
			isa = PBXGroup;
			children = (
				333C082BA080310A46AEE453 /* Pods_DKFramework.framework */,
				3BC93D9F88DACF53EAC692DD /* Pods_DKFramework_DKFrameworkTests.framework */,
			);
			name = Frameworks;
			sourceTree = "<group>";
		};
/* End PBXGroup section */

/* Begin PBXHeadersBuildPhase section */
		5E299FA7292F5861001F4952 /* Headers */ = {
			isa = PBXHeadersBuildPhase;
			buildActionMask = 2147483647;
			files = (
				5E299FBD292F5861001F4952 /* DKFramework.h in Headers */,
			);
			runOnlyForDeploymentPostprocessing = 0;
		};
/* End PBXHeadersBuildPhase section */

/* Begin PBXNativeTarget section */
		5E299FAB292F5861001F4952 /* DKFramework */ = {
			isa = PBXNativeTarget;
			buildConfigurationList = 5E299FC0292F5861001F4952 /* Build configuration list for PBXNativeTarget "DKFramework" */;
			buildPhases = (
				BBD22252C456B82BCC0F624A /* [CP] Check Pods Manifest.lock */,
				5E299FA7292F5861001F4952 /* Headers */,
				5E299FA8292F5861001F4952 /* Sources */,
				5E299FA9292F5861001F4952 /* Frameworks */,
				5E299FAA292F5861001F4952 /* Resources */,
			);
			buildRules = (
			);
			dependencies = (
			);
			name = DKFramework;
			productName = DKFramework;
			productReference = 5E299FAC292F5861001F4952 /* DKFramework.framework */;
			productType = "com.apple.product-type.framework";
		};
		5E299FB5292F5861001F4952 /* DKFrameworkTests */ = {
			isa = PBXNativeTarget;
			buildConfigurationList = 5E299FC3292F5861001F4952 /* Build configuration list for PBXNativeTarget "DKFrameworkTests" */;
			buildPhases = (
				8D3ECA27095F3443C78C0D5A /* [CP] Check Pods Manifest.lock */,
				5E299FB2292F5861001F4952 /* Sources */,
				5E299FB3292F5861001F4952 /* Frameworks */,
				5E299FB4292F5861001F4952 /* Resources */,
			);
			buildRules = (
			);
			dependencies = (
				5E299FB9292F5861001F4952 /* PBXTargetDependency */,
			);
			name = DKFrameworkTests;
			productName = DKFrameworkTests;
			productReference = 5E299FB6292F5861001F4952 /* DKFrameworkTests.xctest */;
			productType = "com.apple.product-type.bundle.unit-test";
		};
/* End PBXNativeTarget section */

/* Begin PBXProject section */
		5E299FA3292F5861001F4952 /* Project object */ = {
			isa = PBXProject;
			attributes = {
				BuildIndependentTargetsInParallel = 1;
				LastSwiftUpdateCheck = 1410;
				LastUpgradeCheck = 1410;
				TargetAttributes = {
					5E299FAB292F5861001F4952 = {
						CreatedOnToolsVersion = 14.1;
					};
					5E299FB5292F5861001F4952 = {
						CreatedOnToolsVersion = 14.1;
					};
				};
			};
			buildConfigurationList = 5E299FA6292F5861001F4952 /* Build configuration list for PBXProject "DKFramework" */;
			compatibilityVersion = "Xcode 14.0";
			developmentRegion = en;
			hasScannedForEncodings = 0;
			knownRegions = (
				en,
				Base,
			);
			mainGroup = 5E299FA2292F5861001F4952;
			productRefGroup = 5E299FAD292F5861001F4952 /* Products */;
			projectDirPath = "";
			projectRoot = "";
			targets = (
				5E299FAB292F5861001F4952 /* DKFramework */,
				5E299FB5292F5861001F4952 /* DKFrameworkTests */,
			);
		};
/* End PBXProject section */

/* Begin PBXResourcesBuildPhase section */
		5E299FAA292F5861001F4952 /* Resources */ = {
			isa = PBXResourcesBuildPhase;
			buildActionMask = 2147483647;
			files = (
			);
			runOnlyForDeploymentPostprocessing = 0;
		};
		5E299FB4292F5861001F4952 /* Resources */ = {
			isa = PBXResourcesBuildPhase;
			buildActionMask = 2147483647;
			files = (
			);
			runOnlyForDeploymentPostprocessing = 0;
		};
/* End PBXResourcesBuildPhase section */

/* Begin PBXShellScriptBuildPhase section */
		8D3ECA27095F3443C78C0D5A /* [CP] Check Pods Manifest.lock */ = {
			isa = PBXShellScriptBuildPhase;
			buildActionMask = 2147483647;
			files = (
			);
			inputFileListPaths = (
			);
			inputPaths = (
				"${PODS_PODFILE_DIR_PATH}/Podfile.lock",
				"${PODS_ROOT}/Manifest.lock",
			);
			name = "[CP] Check Pods Manifest.lock";
			outputFileListPaths = (
			);
			outputPaths = (
				"$(DERIVED_FILE_DIR)/Pods-DKFramework-DKFrameworkTests-checkManifestLockResult.txt",
			);
			runOnlyForDeploymentPostprocessing = 0;
			shellPath = /bin/sh;
			shellScript = "diff \"${PODS_PODFILE_DIR_PATH}/Podfile.lock\" \"${PODS_ROOT}/Manifest.lock\" > /dev/null\nif [ $? != 0 ] ; then\n    # print error to STDERR\n    echo \"error: The sandbox is not in sync with the Podfile.lock. Run 'pod install' or update your CocoaPods installation.\" >&2\n    exit 1\nfi\n# This output is used by Xcode 'outputs' to avoid re-running this script phase.\necho \"SUCCESS\" > \"${SCRIPT_OUTPUT_FILE_0}\"\n";
			showEnvVarsInLog = 0;
		};
		BBD22252C456B82BCC0F624A /* [CP] Check Pods Manifest.lock */ = {
			isa = PBXShellScriptBuildPhase;
			buildActionMask = 2147483647;
			files = (
			);
			inputFileListPaths = (
			);
			inputPaths = (
				"${PODS_PODFILE_DIR_PATH}/Podfile.lock",
				"${PODS_ROOT}/Manifest.lock",
			);
			name = "[CP] Check Pods Manifest.lock";
			outputFileListPaths = (
			);
			outputPaths = (
				"$(DERIVED_FILE_DIR)/Pods-DKFramework-checkManifestLockResult.txt",
			);
			runOnlyForDeploymentPostprocessing = 0;
			shellPath = /bin/sh;
			shellScript = "diff \"${PODS_PODFILE_DIR_PATH}/Podfile.lock\" \"${PODS_ROOT}/Manifest.lock\" > /dev/null\nif [ $? != 0 ] ; then\n    # print error to STDERR\n    echo \"error: The sandbox is not in sync with the Podfile.lock. Run 'pod install' or update your CocoaPods installation.\" >&2\n    exit 1\nfi\n# This output is used by Xcode 'outputs' to avoid re-running this script phase.\necho \"SUCCESS\" > \"${SCRIPT_OUTPUT_FILE_0}\"\n";
			showEnvVarsInLog = 0;
		};
/* End PBXShellScriptBuildPhase section */

/* Begin PBXSourcesBuildPhase section */
		5E299FA8292F5861001F4952 /* Sources */ = {
			isa = PBXSourcesBuildPhase;
			buildActionMask = 2147483647;
			files = (
				5E299FC7292F58C7001F4952 /* Analytics.swift in Sources */,
				5E299FB1292F5861001F4952 /* DKFramework.docc in Sources */,
			);
			runOnlyForDeploymentPostprocessing = 0;
		};
		5E299FB2292F5861001F4952 /* Sources */ = {
			isa = PBXSourcesBuildPhase;
			buildActionMask = 2147483647;
			files = (
				5E299FBC292F5861001F4952 /* DKFrameworkTests.swift in Sources */,
			);
			runOnlyForDeploymentPostprocessing = 0;
		};
/* End PBXSourcesBuildPhase section */

/* Begin PBXTargetDependency section */
		5E299FB9292F5861001F4952 /* PBXTargetDependency */ = {
			isa = PBXTargetDependency;
			target = 5E299FAB292F5861001F4952 /* DKFramework */;
			targetProxy = 5E299FB8292F5861001F4952 /* PBXContainerItemProxy */;
		};
/* End PBXTargetDependency section */

/* Begin XCBuildConfiguration section */
		5E299FBE292F5861001F4952 /* Debug */ = {
			isa = XCBuildConfiguration;
			buildSettings = {
				ALWAYS_SEARCH_USER_PATHS = NO;
				CLANG_ANALYZER_NONNULL = YES;
				CLANG_ANALYZER_NUMBER_OBJECT_CONVERSION = YES_AGGRESSIVE;
				CLANG_CXX_LANGUAGE_STANDARD = "gnu++20";
				CLANG_ENABLE_MODULES = YES;
				CLANG_ENABLE_OBJC_ARC = YES;
				CLANG_ENABLE_OBJC_WEAK = YES;
				CLANG_WARN_BLOCK_CAPTURE_AUTORELEASING = YES;
				CLANG_WARN_BOOL_CONVERSION = YES;
				CLANG_WARN_COMMA = YES;
				CLANG_WARN_CONSTANT_CONVERSION = YES;
				CLANG_WARN_DEPRECATED_OBJC_IMPLEMENTATIONS = YES;
				CLANG_WARN_DIRECT_OBJC_ISA_USAGE = YES_ERROR;
				CLANG_WARN_DOCUMENTATION_COMMENTS = YES;
				CLANG_WARN_EMPTY_BODY = YES;
				CLANG_WARN_ENUM_CONVERSION = YES;
				CLANG_WARN_INFINITE_RECURSION = YES;
				CLANG_WARN_INT_CONVERSION = YES;
				CLANG_WARN_NON_LITERAL_NULL_CONVERSION = YES;
				CLANG_WARN_OBJC_IMPLICIT_RETAIN_SELF = YES;
				CLANG_WARN_OBJC_LITERAL_CONVERSION = YES;
				CLANG_WARN_OBJC_ROOT_CLASS = YES_ERROR;
				CLANG_WARN_QUOTED_INCLUDE_IN_FRAMEWORK_HEADER = YES;
				CLANG_WARN_RANGE_LOOP_ANALYSIS = YES;
				CLANG_WARN_STRICT_PROTOTYPES = YES;
				CLANG_WARN_SUSPICIOUS_MOVE = YES;
				CLANG_WARN_UNGUARDED_AVAILABILITY = YES_AGGRESSIVE;
				CLANG_WARN_UNREACHABLE_CODE = YES;
				CLANG_WARN__DUPLICATE_METHOD_MATCH = YES;
				COPY_PHASE_STRIP = NO;
				CURRENT_PROJECT_VERSION = 1;
				DEBUG_INFORMATION_FORMAT = dwarf;
				ENABLE_STRICT_OBJC_MSGSEND = YES;
				ENABLE_TESTABILITY = YES;
				GCC_C_LANGUAGE_STANDARD = gnu11;
				GCC_DYNAMIC_NO_PIC = NO;
				GCC_NO_COMMON_BLOCKS = YES;
				GCC_OPTIMIZATION_LEVEL = 0;
				GCC_PREPROCESSOR_DEFINITIONS = (
					"DEBUG=1",
					"$(inherited)",
				);
				GCC_WARN_64_TO_32_BIT_CONVERSION = YES;
				GCC_WARN_ABOUT_RETURN_TYPE = YES_ERROR;
				GCC_WARN_UNDECLARED_SELECTOR = YES;
				GCC_WARN_UNINITIALIZED_AUTOS = YES_AGGRESSIVE;
				GCC_WARN_UNUSED_FUNCTION = YES;
				GCC_WARN_UNUSED_VARIABLE = YES;
				IPHONEOS_DEPLOYMENT_TARGET = 16.1;
				MTL_ENABLE_DEBUG_INFO = INCLUDE_SOURCE;
				MTL_FAST_MATH = YES;
				ONLY_ACTIVE_ARCH = YES;
				SDKROOT = iphoneos;
				SWIFT_ACTIVE_COMPILATION_CONDITIONS = DEBUG;
				SWIFT_OPTIMIZATION_LEVEL = "-Onone";
				VERSIONING_SYSTEM = "apple-generic";
				VERSION_INFO_PREFIX = "";
			};
			name = Debug;
		};
		5E299FBF292F5861001F4952 /* Release */ = {
			isa = XCBuildConfiguration;
			buildSettings = {
				ALWAYS_SEARCH_USER_PATHS = NO;
				CLANG_ANALYZER_NONNULL = YES;
				CLANG_ANALYZER_NUMBER_OBJECT_CONVERSION = YES_AGGRESSIVE;
				CLANG_CXX_LANGUAGE_STANDARD = "gnu++20";
				CLANG_ENABLE_MODULES = YES;
				CLANG_ENABLE_OBJC_ARC = YES;
				CLANG_ENABLE_OBJC_WEAK = YES;
				CLANG_WARN_BLOCK_CAPTURE_AUTORELEASING = YES;
				CLANG_WARN_BOOL_CONVERSION = YES;
				CLANG_WARN_COMMA = YES;
				CLANG_WARN_CONSTANT_CONVERSION = YES;
				CLANG_WARN_DEPRECATED_OBJC_IMPLEMENTATIONS = YES;
				CLANG_WARN_DIRECT_OBJC_ISA_USAGE = YES_ERROR;
				CLANG_WARN_DOCUMENTATION_COMMENTS = YES;
				CLANG_WARN_EMPTY_BODY = YES;
				CLANG_WARN_ENUM_CONVERSION = YES;
				CLANG_WARN_INFINITE_RECURSION = YES;
				CLANG_WARN_INT_CONVERSION = YES;
				CLANG_WARN_NON_LITERAL_NULL_CONVERSION = YES;
				CLANG_WARN_OBJC_IMPLICIT_RETAIN_SELF = YES;
				CLANG_WARN_OBJC_LITERAL_CONVERSION = YES;
				CLANG_WARN_OBJC_ROOT_CLASS = YES_ERROR;
				CLANG_WARN_QUOTED_INCLUDE_IN_FRAMEWORK_HEADER = YES;
				CLANG_WARN_RANGE_LOOP_ANALYSIS = YES;
				CLANG_WARN_STRICT_PROTOTYPES = YES;
				CLANG_WARN_SUSPICIOUS_MOVE = YES;
				CLANG_WARN_UNGUARDED_AVAILABILITY = YES_AGGRESSIVE;
				CLANG_WARN_UNREACHABLE_CODE = YES;
				CLANG_WARN__DUPLICATE_METHOD_MATCH = YES;
				COPY_PHASE_STRIP = NO;
				CURRENT_PROJECT_VERSION = 1;
				DEBUG_INFORMATION_FORMAT = "dwarf-with-dsym";
				ENABLE_NS_ASSERTIONS = NO;
				ENABLE_STRICT_OBJC_MSGSEND = YES;
				GCC_C_LANGUAGE_STANDARD = gnu11;
				GCC_NO_COMMON_BLOCKS = YES;
				GCC_WARN_64_TO_32_BIT_CONVERSION = YES;
				GCC_WARN_ABOUT_RETURN_TYPE = YES_ERROR;
				GCC_WARN_UNDECLARED_SELECTOR = YES;
				GCC_WARN_UNINITIALIZED_AUTOS = YES_AGGRESSIVE;
				GCC_WARN_UNUSED_FUNCTION = YES;
				GCC_WARN_UNUSED_VARIABLE = YES;
				IPHONEOS_DEPLOYMENT_TARGET = 16.1;
				MTL_ENABLE_DEBUG_INFO = NO;
				MTL_FAST_MATH = YES;
				SDKROOT = iphoneos;
				SWIFT_COMPILATION_MODE = wholemodule;
				SWIFT_OPTIMIZATION_LEVEL = "-O";
				VALIDATE_PRODUCT = YES;
				VERSIONING_SYSTEM = "apple-generic";
				VERSION_INFO_PREFIX = "";
			};
			name = Release;
		};
		5E299FC1292F5861001F4952 /* Debug */ = {
			isa = XCBuildConfiguration;
			baseConfigurationReference = BE103B9BC728E1F2B729A122 /* Pods-DKFramework.debug.xcconfig */;
			buildSettings = {
				ALWAYS_EMBED_SWIFT_STANDARD_LIBRARIES = YES;
				BUILD_LIBRARY_FOR_DISTRIBUTION = YES;
				CODE_SIGN_STYLE = Automatic;
				CURRENT_PROJECT_VERSION = 1;
				DEFINES_MODULE = YES;
				DYLIB_COMPATIBILITY_VERSION = 1;
				DYLIB_CURRENT_VERSION = 1;
				DYLIB_INSTALL_NAME_BASE = "@rpath";
				ENABLE_BITCODE = NO;
				GENERATE_INFOPLIST_FILE = YES;
				INFOPLIST_KEY_NSHumanReadableCopyright = "";
				INSTALL_PATH = "$(LOCAL_LIBRARY_DIR)/Frameworks";
				LD_RUNPATH_SEARCH_PATHS = (
					"$(inherited)",
					"@executable_path/Frameworks",
					"@loader_path/Frameworks",
				);
				MARKETING_VERSION = 1.0;
				PRODUCT_BUNDLE_IDENTIFIER = com.testing.DKFramework;
				PRODUCT_NAME = "$(TARGET_NAME:c99extidentifier)";
				SKIP_INSTALL = YES;
				SWIFT_EMIT_LOC_STRINGS = YES;
				SWIFT_VERSION = 5.0;
				TARGETED_DEVICE_FAMILY = "1,2";
			};
			name = Debug;
		};
		5E299FC2292F5861001F4952 /* Release */ = {
			isa = XCBuildConfiguration;
			baseConfigurationReference = 4D19BB4B299CDD21D2EA8E03 /* Pods-DKFramework.release.xcconfig */;
			buildSettings = {
				ALWAYS_EMBED_SWIFT_STANDARD_LIBRARIES = YES;
				BUILD_LIBRARY_FOR_DISTRIBUTION = YES;
				CODE_SIGN_STYLE = Automatic;
				CURRENT_PROJECT_VERSION = 1;
				DEFINES_MODULE = YES;
				DYLIB_COMPATIBILITY_VERSION = 1;
				DYLIB_CURRENT_VERSION = 1;
				DYLIB_INSTALL_NAME_BASE = "@rpath";
				ENABLE_BITCODE = NO;
				GENERATE_INFOPLIST_FILE = YES;
				INFOPLIST_KEY_NSHumanReadableCopyright = "";
				INSTALL_PATH = "$(LOCAL_LIBRARY_DIR)/Frameworks";
				LD_RUNPATH_SEARCH_PATHS = (
					"$(inherited)",
					"@executable_path/Frameworks",
					"@loader_path/Frameworks",
				);
				MARKETING_VERSION = 1.0;
				PRODUCT_BUNDLE_IDENTIFIER = com.testing.DKFramework;
				PRODUCT_NAME = "$(TARGET_NAME:c99extidentifier)";
				SKIP_INSTALL = YES;
				SWIFT_EMIT_LOC_STRINGS = YES;
				SWIFT_VERSION = 5.0;
				TARGETED_DEVICE_FAMILY = "1,2";
			};
			name = Release;
		};
		5E299FC4292F5861001F4952 /* Debug */ = {
			isa = XCBuildConfiguration;
			baseConfigurationReference = 2CBBA52B02D6832CB3A38DBF /* Pods-DKFramework-DKFrameworkTests.debug.xcconfig */;
			buildSettings = {
				ALWAYS_EMBED_SWIFT_STANDARD_LIBRARIES = YES;
				CODE_SIGN_STYLE = Automatic;
				CURRENT_PROJECT_VERSION = 1;
				GENERATE_INFOPLIST_FILE = YES;
				MARKETING_VERSION = 1.0;
				PRODUCT_BUNDLE_IDENTIFIER = com.testing.DKFrameworkTests;
				PRODUCT_NAME = "$(TARGET_NAME)";
				SWIFT_EMIT_LOC_STRINGS = NO;
				SWIFT_VERSION = 5.0;
				TARGETED_DEVICE_FAMILY = "1,2";
			};
			name = Debug;
		};
		5E299FC5292F5861001F4952 /* Release */ = {
			isa = XCBuildConfiguration;
			baseConfigurationReference = 0E625D944BB0D847CE80304F /* Pods-DKFramework-DKFrameworkTests.release.xcconfig */;
			buildSettings = {
				ALWAYS_EMBED_SWIFT_STANDARD_LIBRARIES = YES;
				CODE_SIGN_STYLE = Automatic;
				CURRENT_PROJECT_VERSION = 1;
				GENERATE_INFOPLIST_FILE = YES;
				MARKETING_VERSION = 1.0;
				PRODUCT_BUNDLE_IDENTIFIER = com.testing.DKFrameworkTests;
				PRODUCT_NAME = "$(TARGET_NAME)";
				SWIFT_EMIT_LOC_STRINGS = NO;
				SWIFT_VERSION = 5.0;
				TARGETED_DEVICE_FAMILY = "1,2";
			};
			name = Release;
		};
/* End XCBuildConfiguration section */

/* Begin XCConfigurationList section */
		5E299FA6292F5861001F4952 /* Build configuration list for PBXProject "DKFramework" */ = {
			isa = XCConfigurationList;
			buildConfigurations = (
				5E299FBE292F5861001F4952 /* Debug */,
				5E299FBF292F5861001F4952 /* Release */,
			);
			defaultConfigurationIsVisible = 0;
			defaultConfigurationName = Release;
		};
		5E299FC0292F5861001F4952 /* Build configuration list for PBXNativeTarget "DKFramework" */ = {
			isa = XCConfigurationList;
			buildConfigurations = (
				5E299FC1292F5861001F4952 /* Debug */,
				5E299FC2292F5861001F4952 /* Release */,
			);
			defaultConfigurationIsVisible = 0;
			defaultConfigurationName = Release;
		};
		5E299FC3292F5861001F4952 /* Build configuration list for PBXNativeTarget "DKFrameworkTests" */ = {
			isa = XCConfigurationList;
			buildConfigurations = (
				5E299FC4292F5861001F4952 /* Debug */,
				5E299FC5292F5861001F4952 /* Release */,
			);
			defaultConfigurationIsVisible = 0;
			defaultConfigurationName = Release;
		};
/* End XCConfigurationList section */
	};
	rootObject = 5E299FA3292F5861001F4952 /* Project object */;
}
